
Microsoft Visual Studio Solution File, Format Version 12.00
# Visual Studio Version 16
VisualStudioVersion = 16.0.32630.194
MinimumVisualStudioVersion = 10.0.40219.1
Project("{8BC9CEB8-8B4A-11D0-8D11-00A0C91BC942}") = "Framework", "Framework\Framework.vcxproj", "{6300371E-3FFA-4544-BC72-31F1E8927B85}"
EndProject
Global
	GlobalSection(SolutionConfigurationPlatforms) = preSolution
		Debug|x64 = Debug|x64
		Debug|x86 = Debug|x86
		Release|x64 = Release|x64
		Release|x86 = Release|x86
	EndGlobalSection
	GlobalSection(ProjectConfigurationPlatforms) = postSolution
		{6300371E-3FFA-4544-BC72-31F1E8927B85}.Debug|x64.ActiveCfg = Debug|x64
		{6300371E-3FFA-4544-BC72-31F1E8927B85}.Debug|x64.Build.0 = Debug|x64
		{6300371E-3FFA-4544-BC72-31F1E8927B85}.Debug|x86.ActiveCfg = Debug|Win32
		{6300371E-3FFA-4544-BC72-31F1E8927B85}.Debug|x86.Build.0 = Debug|Win32
		{6300371E-3FFA-4544-BC72-31F1E8927B85}.Release|x64.ActiveCfg = Release|x64
		{6300371E-3FFA-4544-BC72-31F1E8927B85}.Release|x64.Build.0 = Release|x64
		{6300371E-3FFA-4544-BC72-31F1E8927B85}.Release|x86.ActiveCfg = Release|Win32
		{6300371E-3FFA-4544-BC72-31F1E8927B85}.Release|x86.Build.0 = Release|Win32
	EndGlobalSection
	GlobalSection(SolutionProperties) = preSolution
		HideSolutionNode = FALSE
	EndGlobalSection
	GlobalSection(ExtensibilityGlobals) = postSolution
		SolutionGuid = {A01CAC32-226A-45AD-A63D-735439BF6585}
	EndGlobalSection
EndGlobal
